
Microsoft Visual Studio Solution File, Format Version 12.00
# Visual Studio Version 17
VisualStudioVersion = 17.4.33213.308
MinimumVisualStudioVersion = 10.0.40219.1
Project("{9A19103F-16F7-4668-BE54-9A1E7A4F7556}") = "Challenge1Queue", "Challenge1Queue\Challenge1Queue.csproj", "{CF3B31AF-9556-4B90-A1AB-BD910120A5FA}"
EndProject
Project("{9A19103F-16F7-4668-BE54-9A1E7A4F7556}") = "Challenge1QueueTests", "Challenge1QueueTests\Challenge1QueueTests.csproj", "{50B11292-A506-4092-9682-63C4A941270E}"
EndProject
Project("{9A19103F-16F7-4668-BE54-9A1E7A4F7556}") = "Challenge3Api", "Challenge3Api\Challenge3Api.csproj", "{8990A57C-0FC3-4797-84D9-205DA4983353}"
EndProject
Project("{2150E333-8FDC-42A3-9474-1A3956D46DE8}") = "Solution Items", "Solution Items", "{4E31C81B-B5FB-4171-8C3B-C2FDB65157BC}"
	ProjectSection(SolutionItems) = preProject
		Challenge2DbDesign.sql = Challenge2DbDesign.sql
	EndProjectSection
EndProject
Project("{FAE04EC0-301F-11D3-BF4B-00C04F79EFBC}") = "Challenge3Api.Tests", "Challenge3Api.Tests\Challenge3Api.Tests.csproj", "{9BA7DC23-0291-484A-A466-DED13B95655C}"
EndProject
Global
	GlobalSection(SolutionConfigurationPlatforms) = preSolution
		Debug|Any CPU = Debug|Any CPU
		Release|Any CPU = Release|Any CPU
	EndGlobalSection
	GlobalSection(ProjectConfigurationPlatforms) = postSolution
		{CF3B31AF-9556-4B90-A1AB-BD910120A5FA}.Debug|Any CPU.ActiveCfg = Debug|Any CPU
		{CF3B31AF-9556-4B90-A1AB-BD910120A5FA}.Debug|Any CPU.Build.0 = Debug|Any CPU
		{CF3B31AF-9556-4B90-A1AB-BD910120A5FA}.Release|Any CPU.ActiveCfg = Release|Any CPU
		{CF3B31AF-9556-4B90-A1AB-BD910120A5FA}.Release|Any CPU.Build.0 = Release|Any CPU
		{50B11292-A506-4092-9682-63C4A941270E}.Debug|Any CPU.ActiveCfg = Debug|Any CPU
		{50B11292-A506-4092-9682-63C4A941270E}.Debug|Any CPU.Build.0 = Debug|Any CPU
		{50B11292-A506-4092-9682-63C4A941270E}.Release|Any CPU.ActiveCfg = Release|Any CPU
		{50B11292-A506-4092-9682-63C4A941270E}.Release|Any CPU.Build.0 = Release|Any CPU
		{8990A57C-0FC3-4797-84D9-205DA4983353}.Debug|Any CPU.ActiveCfg = Debug|Any CPU
		{8990A57C-0FC3-4797-84D9-205DA4983353}.Debug|Any CPU.Build.0 = Debug|Any CPU
		{8990A57C-0FC3-4797-84D9-205DA4983353}.Release|Any CPU.ActiveCfg = Release|Any CPU
		{8990A57C-0FC3-4797-84D9-205DA4983353}.Release|Any CPU.Build.0 = Release|Any CPU
		{9BA7DC23-0291-484A-A466-DED13B95655C}.Debug|Any CPU.ActiveCfg = Debug|Any CPU
		{9BA7DC23-0291-484A-A466-DED13B95655C}.Debug|Any CPU.Build.0 = Debug|Any CPU
		{9BA7DC23-0291-484A-A466-DED13B95655C}.Release|Any CPU.ActiveCfg = Release|Any CPU
		{9BA7DC23-0291-484A-A466-DED13B95655C}.Release|Any CPU.Build.0 = Release|Any CPU
	EndGlobalSection
	GlobalSection(SolutionProperties) = preSolution
		HideSolutionNode = FALSE
	EndGlobalSection
	GlobalSection(ExtensibilityGlobals) = postSolution
		SolutionGuid = {74612C7D-BB77-4C46-BEF4-648715034D29}
	EndGlobalSection
EndGlobal
